
Microsoft Visual Studio Solution File, Format Version 12.00
# Visual Studio Version 16
VisualStudioVersion = 16.0.29920.165
MinimumVisualStudioVersion = 10.0.40219.1
Project("{FAE04EC0-301F-11D3-BF4B-00C04F79EFBC}") = "Ejercicio11", "Ejercicio11\Ejercicio11.csproj", "{A74A1583-34F4-4AB9-8DD0-DBCD91882F23}"
EndProject
Project("{FAE04EC0-301F-11D3-BF4B-00C04F79EFBC}") = "Ejercicio12", "Ejercicio12\Ejercicio12.csproj", "{D42F5332-660C-461E-B02E-2803A0BAD08D}"
EndProject
Project("{FAE04EC0-301F-11D3-BF4B-00C04F79EFBC}") = "Ejercicio13", "Ejercicio13\Ejercicio13.csproj", "{66385174-7650-4CC4-AA36-6F9499CE7382}"
EndProject
Project("{FAE04EC0-301F-11D3-BF4B-00C04F79EFBC}") = "Ejercicio14", "Ejercicio14\Ejercicio14.csproj", "{A30A1404-40EB-47EA-BAFD-D99CB6645108}"
EndProject
Project("{FAE04EC0-301F-11D3-BF4B-00C04F79EFBC}") = "Ejercicio15", "Ejercicio15\Ejercicio15.csproj", "{515E1D6D-9E00-4B6E-9574-73DF325D43F8}"
EndProject
Global
	GlobalSection(SolutionConfigurationPlatforms) = preSolution
		Debug|Any CPU = Debug|Any CPU
		Release|Any CPU = Release|Any CPU
	EndGlobalSection
	GlobalSection(ProjectConfigurationPlatforms) = postSolution
		{A74A1583-34F4-4AB9-8DD0-DBCD91882F23}.Debug|Any CPU.ActiveCfg = Debug|Any CPU
		{A74A1583-34F4-4AB9-8DD0-DBCD91882F23}.Debug|Any CPU.Build.0 = Debug|Any CPU
		{A74A1583-34F4-4AB9-8DD0-DBCD91882F23}.Release|Any CPU.ActiveCfg = Release|Any CPU
		{A74A1583-34F4-4AB9-8DD0-DBCD91882F23}.Release|Any CPU.Build.0 = Release|Any CPU
		{D42F5332-660C-461E-B02E-2803A0BAD08D}.Debug|Any CPU.ActiveCfg = Debug|Any CPU
		{D42F5332-660C-461E-B02E-2803A0BAD08D}.Debug|Any CPU.Build.0 = Debug|Any CPU
		{D42F5332-660C-461E-B02E-2803A0BAD08D}.Release|Any CPU.ActiveCfg = Release|Any CPU
		{D42F5332-660C-461E-B02E-2803A0BAD08D}.Release|Any CPU.Build.0 = Release|Any CPU
		{66385174-7650-4CC4-AA36-6F9499CE7382}.Debug|Any CPU.ActiveCfg = Debug|Any CPU
		{66385174-7650-4CC4-AA36-6F9499CE7382}.Debug|Any CPU.Build.0 = Debug|Any CPU
		{66385174-7650-4CC4-AA36-6F9499CE7382}.Release|Any CPU.ActiveCfg = Release|Any CPU
		{66385174-7650-4CC4-AA36-6F9499CE7382}.Release|Any CPU.Build.0 = Release|Any CPU
		{A30A1404-40EB-47EA-BAFD-D99CB6645108}.Debug|Any CPU.ActiveCfg = Debug|Any CPU
		{A30A1404-40EB-47EA-BAFD-D99CB6645108}.Debug|Any CPU.Build.0 = Debug|Any CPU
		{A30A1404-40EB-47EA-BAFD-D99CB6645108}.Release|Any CPU.ActiveCfg = Release|Any CPU
		{A30A1404-40EB-47EA-BAFD-D99CB6645108}.Release|Any CPU.Build.0 = Release|Any CPU
		{515E1D6D-9E00-4B6E-9574-73DF325D43F8}.Debug|Any CPU.ActiveCfg = Debug|Any CPU
		{515E1D6D-9E00-4B6E-9574-73DF325D43F8}.Debug|Any CPU.Build.0 = Debug|Any CPU
		{515E1D6D-9E00-4B6E-9574-73DF325D43F8}.Release|Any CPU.ActiveCfg = Release|Any CPU
		{515E1D6D-9E00-4B6E-9574-73DF325D43F8}.Release|Any CPU.Build.0 = Release|Any CPU
	EndGlobalSection
	GlobalSection(SolutionProperties) = preSolution
		HideSolutionNode = FALSE
	EndGlobalSection
	GlobalSection(ExtensibilityGlobals) = postSolution
		SolutionGuid = {52352B31-9B3B-4C64-9972-4AFAEFEFD1B1}
	EndGlobalSection
EndGlobal
