
Microsoft Visual Studio Solution File, Format Version 12.00
# Visual Studio Version 16
VisualStudioVersion = 16.0.29920.165
MinimumVisualStudioVersion = 10.0.40219.1
Project("{FAE04EC0-301F-11D3-BF4B-00C04F79EFBC}") = "Ejercicio5", "Ejercicio5\Ejercicio5.csproj", "{DBD8C250-2746-4E8E-B4C4-2BC65CA6FB71}"
EndProject
Project("{FAE04EC0-301F-11D3-BF4B-00C04F79EFBC}") = "Ejercicio6", "Ejercicio6\Ejercicio6.csproj", "{217E711E-07DA-4061-9B97-58162F123D41}"
EndProject
Global
	GlobalSection(SolutionConfigurationPlatforms) = preSolution
		Debug|Any CPU = Debug|Any CPU
		Release|Any CPU = Release|Any CPU
	EndGlobalSection
	GlobalSection(ProjectConfigurationPlatforms) = postSolution
		{DBD8C250-2746-4E8E-B4C4-2BC65CA6FB71}.Debug|Any CPU.ActiveCfg = Debug|Any CPU
		{DBD8C250-2746-4E8E-B4C4-2BC65CA6FB71}.Debug|Any CPU.Build.0 = Debug|Any CPU
		{DBD8C250-2746-4E8E-B4C4-2BC65CA6FB71}.Release|Any CPU.ActiveCfg = Release|Any CPU
		{DBD8C250-2746-4E8E-B4C4-2BC65CA6FB71}.Release|Any CPU.Build.0 = Release|Any CPU
		{217E711E-07DA-4061-9B97-58162F123D41}.Debug|Any CPU.ActiveCfg = Debug|Any CPU
		{217E711E-07DA-4061-9B97-58162F123D41}.Debug|Any CPU.Build.0 = Debug|Any CPU
		{217E711E-07DA-4061-9B97-58162F123D41}.Release|Any CPU.ActiveCfg = Release|Any CPU
		{217E711E-07DA-4061-9B97-58162F123D41}.Release|Any CPU.Build.0 = Release|Any CPU
	EndGlobalSection
	GlobalSection(SolutionProperties) = preSolution
		HideSolutionNode = FALSE
	EndGlobalSection
	GlobalSection(ExtensibilityGlobals) = postSolution
		SolutionGuid = {89EEF33C-D42B-4C99-9059-C510FA24D72E}
	EndGlobalSection
EndGlobal
